
Microsoft Visual Studio Solution File, Format Version 12.00
# Visual Studio Version 17
VisualStudioVersion = 17.13.35931.197
MinimumVisualStudioVersion = 10.0.40219.1
Project("{FAE04EC0-301F-11D3-BF4B-00C04F79EFBC}") = "NewFolder", "NewFolder.csproj", "{34AD6540-56C2-410D-A8A3-DBB507107FE8}"
	ProjectSection(ProjectDependencies) = postProject
		{52F94451-7892-1962-2CE1-1C53699C3D2C} = {52F94451-7892-1962-2CE1-1C53699C3D2C}
	EndProjectSection
EndProject
Project("{FAE04EC0-301F-11D3-BF4B-00C04F79EFBC}") = "DarkModeForms", "..\library\dark-mode-forms\DarkModeForms.csproj", "{52F94451-7892-1962-2CE1-1C53699C3D2C}"
EndProject
Global
	GlobalSection(SolutionConfigurationPlatforms) = preSolution
		Debug|Any CPU = Debug|Any CPU
		Release|Any CPU = Release|Any CPU
	EndGlobalSection
	GlobalSection(ProjectConfigurationPlatforms) = postSolution
		{34AD6540-56C2-410D-A8A3-DBB507107FE8}.Debug|Any CPU.ActiveCfg = Debug|Any CPU
		{34AD6540-56C2-410D-A8A3-DBB507107FE8}.Debug|Any CPU.Build.0 = Debug|Any CPU
		{34AD6540-56C2-410D-A8A3-DBB507107FE8}.Release|Any CPU.ActiveCfg = Release|Any CPU
		{34AD6540-56C2-410D-A8A3-DBB507107FE8}.Release|Any CPU.Build.0 = Release|Any CPU
		{52F94451-7892-1962-2CE1-1C53699C3D2C}.Debug|Any CPU.ActiveCfg = Debug|Any CPU
		{52F94451-7892-1962-2CE1-1C53699C3D2C}.Debug|Any CPU.Build.0 = Debug|Any CPU
		{52F94451-7892-1962-2CE1-1C53699C3D2C}.Release|Any CPU.ActiveCfg = Release|Any CPU
		{52F94451-7892-1962-2CE1-1C53699C3D2C}.Release|Any CPU.Build.0 = Release|Any CPU
	EndGlobalSection
	GlobalSection(SolutionProperties) = preSolution
		HideSolutionNode = FALSE
	EndGlobalSection
	GlobalSection(ExtensibilityGlobals) = postSolution
		SolutionGuid = {1F28CBAE-295E-4E5A-81CF-05256C9E56BF}
	EndGlobalSection
EndGlobal
