
Microsoft Visual Studio Solution File, Format Version 12.00
# Visual Studio Version 17
VisualStudioVersion = 17.10.34928.147
MinimumVisualStudioVersion = 10.0.40219.1
Project("{FAE04EC0-301F-11D3-BF4B-00C04F79EFBC}") = "rcalc", "rcalc.csproj", "{F1A6165F-7FBB-47B3-9D69-070B1E604909}"
EndProject
Project("{2150E333-8FDC-42A3-9474-1A3956D46DE8}") = "Dependencies", "Dependencies", "{C8D5274F-AC00-46C7-1F8D-E88E81087A52}"
EndProject
Project("{FAE04EC0-301F-11D3-BF4B-00C04F79EFBC}") = "DarkModeForms", "..\library\dark-mode-forms\DarkModeForms.csproj", "{C623ED5D-F4B3-4701-A196-89D26E57F7B1}"
EndProject
Global
	GlobalSection(SolutionConfigurationPlatforms) = preSolution
		Debug|Any CPU = Debug|Any CPU
		Release|Any CPU = Release|Any CPU
	EndGlobalSection
	GlobalSection(ProjectConfigurationPlatforms) = postSolution
		{F1A6165F-7FBB-47B3-9D69-070B1E604909}.Debug|Any CPU.ActiveCfg = Debug|Any CPU
		{F1A6165F-7FBB-47B3-9D69-070B1E604909}.Debug|Any CPU.Build.0 = Debug|Any CPU
		{F1A6165F-7FBB-47B3-9D69-070B1E604909}.Release|Any CPU.ActiveCfg = Release|Any CPU
		{F1A6165F-7FBB-47B3-9D69-070B1E604909}.Release|Any CPU.Build.0 = Release|Any CPU
		{C623ED5D-F4B3-4701-A196-89D26E57F7B1}.Debug|Any CPU.ActiveCfg = Debug|Any CPU
		{C623ED5D-F4B3-4701-A196-89D26E57F7B1}.Debug|Any CPU.Build.0 = Debug|Any CPU
		{C623ED5D-F4B3-4701-A196-89D26E57F7B1}.Release|Any CPU.ActiveCfg = Release|Any CPU
		{C623ED5D-F4B3-4701-A196-89D26E57F7B1}.Release|Any CPU.Build.0 = Release|Any CPU
	EndGlobalSection
	GlobalSection(SolutionProperties) = preSolution
		HideSolutionNode = FALSE
	EndGlobalSection
	GlobalSection(NestedProjects) = preSolution
		{C623ED5D-F4B3-4701-A196-89D26E57F7B1} = {C8D5274F-AC00-46C7-1F8D-E88E81087A52}
	EndGlobalSection
	GlobalSection(ExtensibilityGlobals) = postSolution
		SolutionGuid = {69E18555-EB16-45A1-A8FA-0B4042CF14EB}
	EndGlobalSection
EndGlobal
