
Microsoft Visual Studio Solution File, Format Version 12.00
# Visual Studio Version 17
VisualStudioVersion = 17.13.35919.96
MinimumVisualStudioVersion = 10.0.40219.1
Project("{FAE04EC0-301F-11D3-BF4B-00C04F79EFBC}") = "HammerLauncher", "HammerLauncher.csproj", "{FF46262C-FA7A-4D9A-A2D5-1C14A784D94B}"
EndProject
Project("{2150E333-8FDC-42A3-9474-1A3956D46DE8}") = "Dependencies", "Dependencies", "{C8D5274F-AC00-46C7-1F8D-E88E81087A52}"
EndProject
Project("{FAE04EC0-301F-11D3-BF4B-00C04F79EFBC}") = "DarkModeForms", "..\library\dark-mode-forms\DarkModeForms.csproj", "{BB22A247-1339-3A41-711E-9C9E2890F0BF}"
EndProject
Global
	GlobalSection(SolutionConfigurationPlatforms) = preSolution
		Debug|Any CPU = Debug|Any CPU
		Release|Any CPU = Release|Any CPU
	EndGlobalSection
	GlobalSection(ProjectConfigurationPlatforms) = postSolution
		{FF46262C-FA7A-4D9A-A2D5-1C14A784D94B}.Debug|Any CPU.ActiveCfg = Debug|Any CPU
		{FF46262C-FA7A-4D9A-A2D5-1C14A784D94B}.Debug|Any CPU.Build.0 = Debug|Any CPU
		{FF46262C-FA7A-4D9A-A2D5-1C14A784D94B}.Release|Any CPU.ActiveCfg = Release|Any CPU
		{FF46262C-FA7A-4D9A-A2D5-1C14A784D94B}.Release|Any CPU.Build.0 = Release|Any CPU
		{BB22A247-1339-3A41-711E-9C9E2890F0BF}.Debug|Any CPU.ActiveCfg = Debug|Any CPU
		{BB22A247-1339-3A41-711E-9C9E2890F0BF}.Debug|Any CPU.Build.0 = Debug|Any CPU
		{BB22A247-1339-3A41-711E-9C9E2890F0BF}.Release|Any CPU.ActiveCfg = Release|Any CPU
		{BB22A247-1339-3A41-711E-9C9E2890F0BF}.Release|Any CPU.Build.0 = Release|Any CPU
	EndGlobalSection
	GlobalSection(SolutionProperties) = preSolution
		HideSolutionNode = FALSE
	EndGlobalSection
	GlobalSection(NestedProjects) = preSolution
		{BB22A247-1339-3A41-711E-9C9E2890F0BF} = {C8D5274F-AC00-46C7-1F8D-E88E81087A52}
	EndGlobalSection
	GlobalSection(ExtensibilityGlobals) = postSolution
		SolutionGuid = {90499AAE-1C18-48DD-91AA-FC84E5592609}
	EndGlobalSection
EndGlobal
